
Microsoft Visual Studio Solution File, Format Version 12.00
# Visual Studio Version 16
VisualStudioVersion = 16.0.30011.22
MinimumVisualStudioVersion = 10.0.40219.1
Project("{9A19103F-16F7-4668-BE54-9A1E7A4F7556}") = "IceBreak", "IceBreak\IceBreak.csproj", "{3EC1B590-6968-4FBF-9287-2B324DC13C1A}"
EndProject
Global
	GlobalSection(SolutionConfigurationPlatforms) = preSolution
		Debug|Any CPU = Debug|Any CPU
		Release|Any CPU = Release|Any CPU
	EndGlobalSection
	GlobalSection(ProjectConfigurationPlatforms) = postSolution
		{3EC1B590-6968-4FBF-9287-2B324DC13C1A}.Debug|Any CPU.ActiveCfg = Debug|Any CPU
		{3EC1B590-6968-4FBF-9287-2B324DC13C1A}.Release|Any CPU.ActiveCfg = Debug|Any CPU
		{3EC1B590-6968-4FBF-9287-2B324DC13C1A}.Release|Any CPU.Build.0 = Debug|Any CPU
	EndGlobalSection
	GlobalSection(SolutionProperties) = preSolution
		HideSolutionNode = FALSE
	EndGlobalSection
	GlobalSection(ExtensibilityGlobals) = postSolution
		SolutionGuid = {47A431B1-A5CE-47E9-9D4F-3F6C30A5ED4B}
	EndGlobalSection
EndGlobal
